
Microsoft Visual Studio Solution File, Format Version 12.00
# Visual Studio 14
VisualStudioVersion = 14.0.25420.1
MinimumVisualStudioVersion = 10.0.40219.1
Project("{FAE04EC0-301F-11D3-BF4B-00C04F79EFBC}") = "Recognizr.Windows", "Recognizr.Windows\Recognizr.Windows.csproj", "{ACA1E63D-822B-476A-9696-5AE04268F677}"
EndProject
Project("{FAE04EC0-301F-11D3-BF4B-00C04F79EFBC}") = "Recognizr.AzureMobileApp", "Recognizr.AzureMobileApp\Recognizr.AzureMobileApp.csproj", "{C194E13B-1EB0-4214-A47E-A8002FADC5EB}"
EndProject
Global
	GlobalSection(SolutionConfigurationPlatforms) = preSolution
		Debug|Any CPU = Debug|Any CPU
		Debug|ARM = Debug|ARM
		Debug|x64 = Debug|x64
		Debug|x86 = Debug|x86
		Release|Any CPU = Release|Any CPU
		Release|ARM = Release|ARM
		Release|x64 = Release|x64
		Release|x86 = Release|x86
	EndGlobalSection
	GlobalSection(ProjectConfigurationPlatforms) = postSolution
		{ACA1E63D-822B-476A-9696-5AE04268F677}.Debug|Any CPU.ActiveCfg = Debug|x86
		{ACA1E63D-822B-476A-9696-5AE04268F677}.Debug|ARM.ActiveCfg = Debug|ARM
		{ACA1E63D-822B-476A-9696-5AE04268F677}.Debug|ARM.Build.0 = Debug|ARM
		{ACA1E63D-822B-476A-9696-5AE04268F677}.Debug|ARM.Deploy.0 = Debug|ARM
		{ACA1E63D-822B-476A-9696-5AE04268F677}.Debug|x64.ActiveCfg = Debug|x64
		{ACA1E63D-822B-476A-9696-5AE04268F677}.Debug|x64.Build.0 = Debug|x64
		{ACA1E63D-822B-476A-9696-5AE04268F677}.Debug|x64.Deploy.0 = Debug|x64
		{ACA1E63D-822B-476A-9696-5AE04268F677}.Debug|x86.ActiveCfg = Debug|x86
		{ACA1E63D-822B-476A-9696-5AE04268F677}.Debug|x86.Build.0 = Debug|x86
		{ACA1E63D-822B-476A-9696-5AE04268F677}.Debug|x86.Deploy.0 = Debug|x86
		{ACA1E63D-822B-476A-9696-5AE04268F677}.Release|Any CPU.ActiveCfg = Release|x86
		{ACA1E63D-822B-476A-9696-5AE04268F677}.Release|ARM.ActiveCfg = Release|ARM
		{ACA1E63D-822B-476A-9696-5AE04268F677}.Release|ARM.Build.0 = Release|ARM
		{ACA1E63D-822B-476A-9696-5AE04268F677}.Release|ARM.Deploy.0 = Release|ARM
		{ACA1E63D-822B-476A-9696-5AE04268F677}.Release|x64.ActiveCfg = Release|x64
		{ACA1E63D-822B-476A-9696-5AE04268F677}.Release|x64.Build.0 = Release|x64
		{ACA1E63D-822B-476A-9696-5AE04268F677}.Release|x64.Deploy.0 = Release|x64
		{ACA1E63D-822B-476A-9696-5AE04268F677}.Release|x86.ActiveCfg = Release|x86
		{ACA1E63D-822B-476A-9696-5AE04268F677}.Release|x86.Build.0 = Release|x86
		{ACA1E63D-822B-476A-9696-5AE04268F677}.Release|x86.Deploy.0 = Release|x86
		{C194E13B-1EB0-4214-A47E-A8002FADC5EB}.Debug|Any CPU.ActiveCfg = Debug|Any CPU
		{C194E13B-1EB0-4214-A47E-A8002FADC5EB}.Debug|Any CPU.Build.0 = Debug|Any CPU
		{C194E13B-1EB0-4214-A47E-A8002FADC5EB}.Debug|ARM.ActiveCfg = Debug|Any CPU
		{C194E13B-1EB0-4214-A47E-A8002FADC5EB}.Debug|ARM.Build.0 = Debug|Any CPU
		{C194E13B-1EB0-4214-A47E-A8002FADC5EB}.Debug|x64.ActiveCfg = Debug|Any CPU
		{C194E13B-1EB0-4214-A47E-A8002FADC5EB}.Debug|x64.Build.0 = Debug|Any CPU
		{C194E13B-1EB0-4214-A47E-A8002FADC5EB}.Debug|x86.ActiveCfg = Debug|Any CPU
		{C194E13B-1EB0-4214-A47E-A8002FADC5EB}.Debug|x86.Build.0 = Debug|Any CPU
		{C194E13B-1EB0-4214-A47E-A8002FADC5EB}.Release|Any CPU.ActiveCfg = Release|Any CPU
		{C194E13B-1EB0-4214-A47E-A8002FADC5EB}.Release|Any CPU.Build.0 = Release|Any CPU
		{C194E13B-1EB0-4214-A47E-A8002FADC5EB}.Release|ARM.ActiveCfg = Release|Any CPU
		{C194E13B-1EB0-4214-A47E-A8002FADC5EB}.Release|ARM.Build.0 = Release|Any CPU
		{C194E13B-1EB0-4214-A47E-A8002FADC5EB}.Release|x64.ActiveCfg = Release|Any CPU
		{C194E13B-1EB0-4214-A47E-A8002FADC5EB}.Release|x64.Build.0 = Release|Any CPU
		{C194E13B-1EB0-4214-A47E-A8002FADC5EB}.Release|x86.ActiveCfg = Release|Any CPU
		{C194E13B-1EB0-4214-A47E-A8002FADC5EB}.Release|x86.Build.0 = Release|Any CPU
	EndGlobalSection
	GlobalSection(SolutionProperties) = preSolution
		HideSolutionNode = FALSE
	EndGlobalSection
EndGlobal
